{
  "requires": true,
  "lockfileVersion": 1,
  "dependencies": {
    "pitchfinder": {
      "version": "2.3.1",
      "resolved": "https://registry.npmjs.org/pitchfinder/-/pitchfinder-2.3.1.tgz",
      "integrity": "sha512-lYZo2J9i6OV769VKGpeEpvotc7GSLS98iP8ZyRurhZZDIpyDt09dBG+Z4+amx8379pQ83AjI9Pde8//4R7Rc1Q=="
    }
  }
}
